
Microsoft Visual Studio Solution File, Format Version 12.00
# Visual Studio Version 17
VisualStudioVersion = 17.3.32901.215
MinimumVisualStudioVersion = 10.0.40219.1
Project("{FAE04EC0-301F-11D3-BF4B-00C04F79EFBC}") = "vize_hesaplama2", "vize_hesaplama2\vize_hesaplama2.csproj", "{AA3C1CD8-0F7A-4B17-8A58-514F229FE680}"
EndProject
Global
	GlobalSection(SolutionConfigurationPlatforms) = preSolution
		Debug|Any CPU = Debug|Any CPU
		Release|Any CPU = Release|Any CPU
	EndGlobalSection
	GlobalSection(ProjectConfigurationPlatforms) = postSolution
		{AA3C1CD8-0F7A-4B17-8A58-514F229FE680}.Debug|Any CPU.ActiveCfg = Debug|Any CPU
		{AA3C1CD8-0F7A-4B17-8A58-514F229FE680}.Debug|Any CPU.Build.0 = Debug|Any CPU
		{AA3C1CD8-0F7A-4B17-8A58-514F229FE680}.Release|Any CPU.ActiveCfg = Release|Any CPU
		{AA3C1CD8-0F7A-4B17-8A58-514F229FE680}.Release|Any CPU.Build.0 = Release|Any CPU
	EndGlobalSection
	GlobalSection(SolutionProperties) = preSolution
		HideSolutionNode = FALSE
	EndGlobalSection
	GlobalSection(ExtensibilityGlobals) = postSolution
		SolutionGuid = {88A0C30E-D89F-4D9F-BCF3-7434985B15CB}
	EndGlobalSection
EndGlobal
